PODS:
  - connectivity (0.0.1):
    - Flutter
    - Reachability
  - device_info_plus (0.0.1):
    - Flutter
  - Flutter (1.0.0)
  - flutter_plugin (0.0.1):
    - Flutter
  - iOSDFULibrary (4.11.1):
    - ZIPFoundation (= 0.9.11)
  - nordic_dfu (1.0.0):
    - Flutter
    - iOSDFULibrary (~> 4.11.1)
  - path_provider_ios (0.0.1):
    - Flutter
  - "permission_handler (5.1.0+2)":
    - Flutter
  - Protobuf (3.19.4)
  - Reachability (3.2)
  - reactive_ble_mobile (0.0.1):
    - Flutter
    - Protobuf (~> 3.5)
    - SwiftProtobuf (~> 1.0)
  - shared_preferences_ios (0.0.1):
    - Flutter
  - SwiftProtobuf (1.19.0)
  - ZIPFoundation (0.9.11)

DEPENDENCIES:
  - connectivity (from `.symlinks/plugins/connectivity/ios`)
  - device_info_plus (from `.symlinks/plugins/device_info_plus/ios`)
  - Flutter (from `Flutter`)
  - flutter_plugin (from `.symlinks/plugins/flutter_plugin/ios`)
  - nordic_dfu (from `.symlinks/plugins/nordic_dfu/ios`)
  - path_provider_ios (from `.symlinks/plugins/path_provider_ios/ios`)
  - permission_handler (from `.symlinks/plugins/permission_handler/ios`)
  - reactive_ble_mobile (from `.symlinks/plugins/reactive_ble_mobile/ios`)
  - shared_preferences_ios (from `.symlinks/plugins/shared_preferences_ios/ios`)

SPEC REPOS:
  trunk:
    - iOSDFULibrary
    - Protobuf
    - Reachability
    - SwiftProtobuf
    - ZIPFoundation

EXTERNAL SOURCES:
  connectivity:
    :path: ".symlinks/plugins/connectivity/ios"
  device_info_plus:
    :path: ".symlinks/plugins/device_info_plus/ios"
  Flutter:
    :path: Flutter
  flutter_plugin:
    :path: ".symlinks/plugins/flutter_plugin/ios"
  nordic_dfu:
    :path: ".symlinks/plugins/nordic_dfu/ios"
  path_provider_ios:
    :path: ".symlinks/plugins/path_provider_ios/ios"
  permission_handler:
    :path: ".symlinks/plugins/permission_handler/ios"
  reactive_ble_mobile:
    :path: ".symlinks/plugins/reactive_ble_mobile/ios"
  shared_preferences_ios:
    :path: ".symlinks/plugins/shared_preferences_ios/ios"

SPEC CHECKSUMS:
  connectivity: c4130b2985d4ef6fd26f9702e886bd5260681467
  device_info_plus: e5c5da33f982a436e103237c0c85f9031142abed
  Flutter: 50d75fe2f02b26cc09d224853bb45737f8b3214a
  flutter_plugin: 09381f07b75d132b629c9022700fc50ab47c324b
  iOSDFULibrary: 3500ac00451aa7d8ec48a752e91099669a2c1d27
  nordic_dfu: 78bec1a41a3e959b3fcab283a8bad3594b936e1d
  path_provider_ios: 14f3d2fd28c4fdb42f44e0f751d12861c43cee02
  permission_handler: ccb20a9fad0ee9b1314a52b70b76b473c5f8dab0
  Protobuf: 235750e4696ff59fb07d949a9dbbc92b3c0700fe
  Reachability: 33e18b67625424e47b6cde6d202dce689ad7af96
  reactive_ble_mobile: 9ce6723d37ccf701dbffd202d487f23f5de03b4c
  shared_preferences_ios: 548a61f8053b9b8a49ac19c1ffbc8b92c50d68ad
  SwiftProtobuf: 6ef3f0e422ef90d6605ca20b21a94f6c1324d6b3
  ZIPFoundation: b1f0de4eed33e74a676f76e12559ab6b75990197

PODFILE CHECKSUM: 512d5be9bed51a8238f1437a7761c050bd0b240e

COCOAPODS: 1.11.3
